
Microsoft Visual Studio Solution File, Format Version 12.00
# Visual Studio Version 17
VisualStudioVersion = 17.2.32210.308
MinimumVisualStudioVersion = 10.0.40219.1
Project("{FAE04EC0-301F-11D3-BF4B-00C04F79EFBC}") = "DevJobs.API", "DevJobs.API\DevJobs.API.csproj", "{4F952F5E-B398-46DC-BABB-BC2EB1B437BB}"
EndProject
Global
	GlobalSection(SolutionConfigurationPlatforms) = preSolution
		Debug|Any CPU = Debug|Any CPU
		Release|Any CPU = Release|Any CPU
	EndGlobalSection
	GlobalSection(ProjectConfigurationPlatforms) = postSolution
		{4F952F5E-B398-46DC-BABB-BC2EB1B437BB}.Debug|Any CPU.ActiveCfg = Debug|Any CPU
		{4F952F5E-B398-46DC-BABB-BC2EB1B437BB}.Debug|Any CPU.Build.0 = Debug|Any CPU
		{4F952F5E-B398-46DC-BABB-BC2EB1B437BB}.Release|Any CPU.ActiveCfg = Release|Any CPU
		{4F952F5E-B398-46DC-BABB-BC2EB1B437BB}.Release|Any CPU.Build.0 = Release|Any CPU
	EndGlobalSection
	GlobalSection(SolutionProperties) = preSolution
		HideSolutionNode = FALSE
	EndGlobalSection
	GlobalSection(ExtensibilityGlobals) = postSolution
		SolutionGuid = {EA40F0B6-D43C-4B67-854A-AA1A510AEFA0}
	EndGlobalSection
EndGlobal
